// !$*UTF8*$!
{
	archiveVersion = 1;
	classes = {
	};
	objectVersion = 55;
	objects = {

/* Begin PBXBuildFile section */
		47CA29AE27F1E80000F11CB2 /* AppDelegate.swift in Sources */ = {isa = PBXBuildFile; fileRef = 47CA29AD27F1E80000F11CB2 /* AppDelegate.swift */; };
		47CA29B027F1E80000F11CB2 /* SceneDelegate.swift in Sources */ = {isa = PBXBuildFile; fileRef = 47CA29AF27F1E80000F11CB2 /* SceneDelegate.swift */; };
		47CA29B227F1E80000F11CB2 /* ViewController.swift in Sources */ = {isa = PBXBuildFile; fileRef = 47CA29B127F1E80000F11CB2 /* ViewController.swift */; };
		47CA29B527F1E80000F11CB2 /* Main.storyboard in Resources */ = {isa = PBXBuildFile; fileRef = 47CA29B327F1E80000F11CB2 /* Main.storyboard */; };
		47CA29B727F1E80200F11CB2 /* Assets.xcassets in Resources */ = {isa = PBXBuildFile; fileRef = 47CA29B627F1E80200F11CB2 /* Assets.xcassets */; };
		47CA29BA27F1E80200F11CB2 /* LaunchScreen.storyboard in Resources */ = {isa = PBXBuildFile; fileRef = 47CA29B827F1E80200F11CB2 /* LaunchScreen.storyboard */; };
		47CA29C427F1FF9B00F11CB2 /* ProfileHeaderViewCell.swift in Sources */ = {isa = PBXBuildFile; fileRef = 47CA29C327F1FF9B00F11CB2 /* ProfileHeaderViewCell.swift */; };
/* End PBXBuildFile section */

/* Begin PBXFileReference section */
		47CA29AA27F1E80000F11CB2 /* TaskAutoLayout.app */ = {isa = PBXFileReference; explicitFileType = wrapper.application; includeInIndex = 0; path = TaskAutoLayout.app; sourceTree = BUILT_PRODUCTS_DIR; };
		47CA29AD27F1E80000F11CB2 /* AppDelegate.swift */ = {isa = PBXFileReference; lastKnownFileType = sourcecode.swift; path = AppDelegate.swift; sourceTree = "<group>"; };
		47CA29AF27F1E80000F11CB2 /* SceneDelegate.swift */ = {isa = PBXFileReference; lastKnownFileType = sourcecode.swift; path = SceneDelegate.swift; sourceTree = "<group>"; };
		47CA29B127F1E80000F11CB2 /* ViewController.swift */ = {isa = PBXFileReference; lastKnownFileType = sourcecode.swift; path = ViewController.swift; sourceTree = "<group>"; };
		47CA29B427F1E80000F11CB2 /* Base */ = {isa = PBXFileReference; lastKnownFileType = file.storyboard; name = Base; path = Base.lproj/Main.storyboard; sourceTree = "<group>"; };
		47CA29B627F1E80200F11CB2 /* Assets.xcassets */ = {isa = PBXFileReference; lastKnownFileType = folder.assetcatalog; path = Assets.xcassets; sourceTree = "<group>"; };
		47CA29B927F1E80200F11CB2 /* Base */ = {isa = PBXFileReference; lastKnownFileType = file.storyboard; name = Base; path = Base.lproj/LaunchScreen.storyboard; sourceTree = "<group>"; };
		47CA29BB27F1E80200F11CB2 /* Info.plist */ = {isa = PBXFileReference; lastKnownFileType = text.plist.xml; path = Info.plist; sourceTree = "<group>"; };
		47CA29C327F1FF9B00F11CB2 /* ProfileHeaderViewCell.swift */ = {isa = PBXFileReference; lastKnownFileType = sourcecode.swift; path = ProfileHeaderViewCell.swift; sourceTree = "<group>"; };
/* End PBXFileReference section */

/* Begin PBXFrameworksBuildPhase section */
		47CA29A727F1E80000F11CB2 /* Frameworks */ = {
			isa = PBXFrameworksBuildPhase;
			buildActionMask = 2147483647;
			files = (
			);
			runOnlyForDeploymentPostprocessing = 0;
		};
/* End PBXFrameworksBuildPhase section */

/* Begin PBXGroup section */
		47CA29A127F1E80000F11CB2 = {
			isa = PBXGroup;
			children = (
				47CA29AC27F1E80000F11CB2 /* TaskAutoLayout */,
				47CA29AB27F1E80000F11CB2 /* Products */,
			);
			sourceTree = "<group>";
		};
		47CA29AB27F1E80000F11CB2 /* Products */ = {
			isa = PBXGroup;
			children = (
				47CA29AA27F1E80000F11CB2 /* TaskAutoLayout.app */,
			);
			name = Products;
			sourceTree = "<group>";
		};
		47CA29AC27F1E80000F11CB2 /* TaskAutoLayout */ = {
			isa = PBXGroup;
			children = (
				47CA29C227F1FF7400F11CB2 /* CustomCell */,
				47CA29C127F1E81900F11CB2 /* Storyboards */,
				47CA29AD27F1E80000F11CB2 /* AppDelegate.swift */,
				47CA29AF27F1E80000F11CB2 /* SceneDelegate.swift */,
				47CA29B127F1E80000F11CB2 /* ViewController.swift */,
				47CA29B627F1E80200F11CB2 /* Assets.xcassets */,
				47CA29BB27F1E80200F11CB2 /* Info.plist */,
			);
			path = TaskAutoLayout;
			sourceTree = "<group>";
		};
		47CA29C127F1E81900F11CB2 /* Storyboards */ = {
			isa = PBXGroup;
			children = (
				47CA29B327F1E80000F11CB2 /* Main.storyboard */,
				47CA29B827F1E80200F11CB2 /* LaunchScreen.storyboard */,
			);
			path = Storyboards;
			sourceTree = "<group>";
		};
		47CA29C227F1FF7400F11CB2 /* CustomCell */ = {
			isa = PBXGroup;
			children = (
				47CA29C327F1FF9B00F11CB2 /* ProfileHeaderViewCell.swift */,
			);
			path = CustomCell;
			sourceTree = "<group>";
		};
/* End PBXGroup section */

/* Begin PBXNativeTarget section */
		47CA29A927F1E80000F11CB2 /* TaskAutoLayout */ = {
			isa = PBXNativeTarget;
			buildConfigurationList = 47CA29BE27F1E80200F11CB2 /* Build configuration list for PBXNativeTarget "TaskAutoLayout" */;
			buildPhases = (
				47CA29A627F1E80000F11CB2 /* Sources */,
				47CA29A727F1E80000F11CB2 /* Frameworks */,
				47CA29A827F1E80000F11CB2 /* Resources */,
			);
			buildRules = (
			);
			dependencies = (
			);
			name = TaskAutoLayout;
			productName = TaskAutoLayout;
			productReference = 47CA29AA27F1E80000F11CB2 /* TaskAutoLayout.app */;
			productType = "com.apple.product-type.application";
		};
/* End PBXNativeTarget section */

/* Begin PBXProject section */
		47CA29A227F1E80000F11CB2 /* Project object */ = {
			isa = PBXProject;
			attributes = {
				BuildIndependentTargetsInParallel = 1;
				LastSwiftUpdateCheck = 1320;
				LastUpgradeCheck = 1320;
				TargetAttributes = {
					47CA29A927F1E80000F11CB2 = {
						CreatedOnToolsVersion = 13.2.1;
					};
				};
			};
			buildConfigurationList = 47CA29A527F1E80000F11CB2 /* Build configuration list for PBXProject "TaskAutoLayout" */;
			compatibilityVersion = "Xcode 13.0";
			developmentRegion = en;
			hasScannedForEncodings = 0;
			knownRegions = (
				en,
				Base,
			);
			mainGroup = 47CA29A127F1E80000F11CB2;
			productRefGroup = 47CA29AB27F1E80000F11CB2 /* Products */;
			projectDirPath = "";
			projectRoot = "";
			targets = (
				47CA29A927F1E80000F11CB2 /* TaskAutoLayout */,
			);
		};
/* End PBXProject section */

/* Begin PBXResourcesBuildPhase section */
		47CA29A827F1E80000F11CB2 /* Resources */ = {
			isa = PBXResourcesBuildPhase;
			buildActionMask = 2147483647;
			files = (
				47CA29BA27F1E80200F11CB2 /* LaunchScreen.storyboard in Resources */,
				47CA29B727F1E80200F11CB2 /* Assets.xcassets in Resources */,
				47CA29B527F1E80000F11CB2 /* Main.storyboard in Resources */,
			);
			runOnlyForDeploymentPostprocessing = 0;
		};
/* End PBXResourcesBuildPhase section */

/* Begin PBXSourcesBuildPhase section */
		47CA29A627F1E80000F11CB2 /* Sources */ = {
			isa = PBXSourcesBuildPhase;
			buildActionMask = 2147483647;
			files = (
				47CA29C427F1FF9B00F11CB2 /* ProfileHeaderViewCell.swift in Sources */,
				47CA29B227F1E80000F11CB2 /* ViewController.swift in Sources */,
				47CA29AE27F1E80000F11CB2 /* AppDelegate.swift in Sources */,
				47CA29B027F1E80000F11CB2 /* SceneDelegate.swift in Sources */,
			);
			runOnlyForDeploymentPostprocessing = 0;
		};
/* End PBXSourcesBuildPhase section */

/* Begin PBXVariantGroup section */
		47CA29B327F1E80000F11CB2 /* Main.storyboard */ = {
			isa = PBXVariantGroup;
			children = (
				47CA29B427F1E80000F11CB2 /* Base */,
			);
			name = Main.storyboard;
			sourceTree = "<group>";
		};
		47CA29B827F1E80200F11CB2 /* LaunchScreen.storyboard */ = {
			isa = PBXVariantGroup;
			children = (
				47CA29B927F1E80200F11CB2 /* Base */,
			);
			name = LaunchScreen.storyboard;
			sourceTree = "<group>";
		};
/* End PBXVariantGroup section */

/* Begin XCBuildConfiguration section */
		47CA29BC27F1E80200F11CB2 /* Debug */ = {
			isa = XCBuildConfiguration;
			buildSettings = {
				ALWAYS_SEARCH_USER_PATHS = NO;
				CLANG_ANALYZER_NONNULL = YES;
				CLANG_ANALYZER_NUMBER_OBJECT_CONVERSION = YES_AGGRESSIVE;
				CLANG_CXX_LANGUAGE_STANDARD = "gnu++17";
				CLANG_CXX_LIBRARY = "libc++";
				CLANG_ENABLE_MODULES = YES;
				CLANG_ENABLE_OBJC_ARC = YES;
				CLANG_ENABLE_OBJC_WEAK = YES;
				CLANG_WARN_BLOCK_CAPTURE_AUTORELEASING = YES;
				CLANG_WARN_BOOL_CONVERSION = YES;
				CLANG_WARN_COMMA = YES;
				CLANG_WARN_CONSTANT_CONVERSION = YES;
				CLANG_WARN_DEPRECATED_OBJC_IMPLEMENTATIONS = YES;
				CLANG_WARN_DIRECT_OBJC_ISA_USAGE = YES_ERROR;
				CLANG_WARN_DOCUMENTATION_COMMENTS = YES;
				CLANG_WARN_EMPTY_BODY = YES;
				CLANG_WARN_ENUM_CONVERSION = YES;
				CLANG_WARN_INFINITE_RECURSION = YES;
				CLANG_WARN_INT_CONVERSION = YES;
				CLANG_WARN_NON_LITERAL_NULL_CONVERSION = YES;
				CLANG_WARN_OBJC_IMPLICIT_RETAIN_SELF = YES;
				CLANG_WARN_OBJC_LITERAL_CONVERSION = YES;
				CLANG_WARN_OBJC_ROOT_CLASS = YES_ERROR;
				CLANG_WARN_QUOTED_INCLUDE_IN_FRAMEWORK_HEADER = YES;
				CLANG_WARN_RANGE_LOOP_ANALYSIS = YES;
				CLANG_WARN_STRICT_PROTOTYPES = YES;
				CLANG_WARN_SUSPICIOUS_MOVE = YES;
				CLANG_WARN_UNGUARDED_AVAILABILITY = YES_AGGRESSIVE;
				CLANG_WARN_UNREACHABLE_CODE = YES;
				CLANG_WARN__DUPLICATE_METHOD_MATCH = YES;
				COPY_PHASE_STRIP = NO;
				DEBUG_INFORMATION_FORMAT = dwarf;
				ENABLE_STRICT_OBJC_MSGSEND = YES;
				ENABLE_TESTABILITY = YES;
				GCC_C_LANGUAGE_STANDARD = gnu11;
				GCC_DYNAMIC_NO_PIC = NO;
				GCC_NO_COMMON_BLOCKS = YES;
				GCC_OPTIMIZATION_LEVEL = 0;
				GCC_PREPROCESSOR_DEFINITIONS = (
					"DEBUG=1",
					"$(inherited)",
				);
				GCC_WARN_64_TO_32_BIT_CONVERSION = YES;
				GCC_WARN_ABOUT_RETURN_TYPE = YES_ERROR;
				GCC_WARN_UNDECLARED_SELECTOR = YES;
				GCC_WARN_UNINITIALIZED_AUTOS = YES_AGGRESSIVE;
				GCC_WARN_UNUSED_FUNCTION = YES;
				GCC_WARN_UNUSED_VARIABLE = YES;
				IPHONEOS_DEPLOYMENT_TARGET = 15.2;
				MTL_ENABLE_DEBUG_INFO = INCLUDE_SOURCE;
				MTL_FAST_MATH = YES;
				ONLY_ACTIVE_ARCH = YES;
				SDKROOT = iphoneos;
				SWIFT_ACTIVE_COMPILATION_CONDITIONS = DEBUG;
				SWIFT_OPTIMIZATION_LEVEL = "-Onone";
			};
			name = Debug;
		};
		47CA29BD27F1E80200F11CB2 /* Release */ = {
			isa = XCBuildConfiguration;
			buildSettings = {
				ALWAYS_SEARCH_USER_PATHS = NO;
				CLANG_ANALYZER_NONNULL = YES;
				CLANG_ANALYZER_NUMBER_OBJECT_CONVERSION = YES_AGGRESSIVE;
				CLANG_CXX_LANGUAGE_STANDARD = "gnu++17";
				CLANG_CXX_LIBRARY = "libc++";
				CLANG_ENABLE_MODULES = YES;
				CLANG_ENABLE_OBJC_ARC = YES;
				CLANG_ENABLE_OBJC_WEAK = YES;
				CLANG_WARN_BLOCK_CAPTURE_AUTORELEASING = YES;
				CLANG_WARN_BOOL_CONVERSION = YES;
				CLANG_WARN_COMMA = YES;
				CLANG_WARN_CONSTANT_CONVERSION = YES;
				CLANG_WARN_DEPRECATED_OBJC_IMPLEMENTATIONS = YES;
				CLANG_WARN_DIRECT_OBJC_ISA_USAGE = YES_ERROR;
				CLANG_WARN_DOCUMENTATION_COMMENTS = YES;
				CLANG_WARN_EMPTY_BODY = YES;
				CLANG_WARN_ENUM_CONVERSION = YES;
				CLANG_WARN_INFINITE_RECURSION = YES;
				CLANG_WARN_INT_CONVERSION = YES;
				CLANG_WARN_NON_LITERAL_NULL_CONVERSION = YES;
				CLANG_WARN_OBJC_IMPLICIT_RETAIN_SELF = YES;
				CLANG_WARN_OBJC_LITERAL_CONVERSION = YES;
				CLANG_WARN_OBJC_ROOT_CLASS = YES_ERROR;
				CLANG_WARN_QUOTED_INCLUDE_IN_FRAMEWORK_HEADER = YES;
				CLANG_WARN_RANGE_LOOP_ANALYSIS = YES;
				CLANG_WARN_STRICT_PROTOTYPES = YES;
				CLANG_WARN_SUSPICIOUS_MOVE = YES;
				CLANG_WARN_UNGUARDED_AVAILABILITY = YES_AGGRESSIVE;
				CLANG_WARN_UNREACHABLE_CODE = YES;
				CLANG_WARN__DUPLICATE_METHOD_MATCH = YES;
				COPY_PHASE_STRIP = NO;
				DEBUG_INFORMATION_FORMAT = "dwarf-with-dsym";
				ENABLE_NS_ASSERTIONS = NO;
				ENABLE_STRICT_OBJC_MSGSEND = YES;
				GCC_C_LANGUAGE_STANDARD = gnu11;
				GCC_NO_COMMON_BLOCKS = YES;
				GCC_WARN_64_TO_32_BIT_CONVERSION = YES;
				GCC_WARN_ABOUT_RETURN_TYPE = YES_ERROR;
				GCC_WARN_UNDECLARED_SELECTOR = YES;
				GCC_WARN_UNINITIALIZED_AUTOS = YES_AGGRESSIVE;
				GCC_WARN_UNUSED_FUNCTION = YES;
				GCC_WARN_UNUSED_VARIABLE = YES;
				IPHONEOS_DEPLOYMENT_TARGET = 15.2;
				MTL_ENABLE_DEBUG_INFO = NO;
				MTL_FAST_MATH = YES;
				SDKROOT = iphoneos;
				SWIFT_COMPILATION_MODE = wholemodule;
				SWIFT_OPTIMIZATION_LEVEL = "-O";
				VALIDATE_PRODUCT = YES;
			};
			name = Release;
		};
		47CA29BF27F1E80200F11CB2 /* Debug */ = {
			isa = XCBuildConfiguration;
			buildSettings = {
				ASSETCATALOG_COMPILER_APPICON_NAME = AppIcon;
				ASSETCATALOG_COMPILER_GLOBAL_ACCENT_COLOR_NAME = AccentColor;
				CODE_SIGN_STYLE = Automatic;
				CURRENT_PROJECT_VERSION = 1;
				DEVELOPMENT_TEAM = 3C46X4Z4X4;
				GENERATE_INFOPLIST_FILE = YES;
				INFOPLIST_FILE = TaskAutoLayout/Info.plist;
				INFOPLIST_KEY_UIApplicationSupportsIndirectInputEvents = YES;
				INFOPLIST_KEY_UILaunchStoryboardName = LaunchScreen;
				INFOPLIST_KEY_UIMainStoryboardFile = Main;
				INFOPLIST_KEY_UISupportedInterfaceOrientations_iPad = "UIInterfaceOrientationPortrait UIInterfaceOrientationPortraitUpsideDown UIInterfaceOrientationLandscapeLeft UIInterfaceOrientationLandscapeRight";
				INFOPLIST_KEY_UISupportedInterfaceOrientations_iPhone = "UIInterfaceOrientationPortrait UIInterfaceOrientationLandscapeLeft UIInterfaceOrientationLandscapeRight";
				LD_RUNPATH_SEARCH_PATHS = (
					"$(inherited)",
					"@executable_path/Frameworks",
				);
				MARKETING_VERSION = 1.0;
				PRODUCT_BUNDLE_IDENTIFIER = com.aio.TaskAutoLayout;
				PRODUCT_NAME = "$(TARGET_NAME)";
				SWIFT_EMIT_LOC_STRINGS = YES;
				SWIFT_VERSION = 5.0;
				TARGETED_DEVICE_FAMILY = "1,2";
			};
			name = Debug;
		};
		47CA29C027F1E80200F11CB2 /* Release */ = {
			isa = XCBuildConfiguration;
			buildSettings = {
				ASSETCATALOG_COMPILER_APPICON_NAME = AppIcon;
				ASSETCATALOG_COMPILER_GLOBAL_ACCENT_COLOR_NAME = AccentColor;
				CODE_SIGN_STYLE = Automatic;
				CURRENT_PROJECT_VERSION = 1;
				DEVELOPMENT_TEAM = 3C46X4Z4X4;
				GENERATE_INFOPLIST_FILE = YES;
				INFOPLIST_FILE = TaskAutoLayout/Info.plist;
				INFOPLIST_KEY_UIApplicationSupportsIndirectInputEvents = YES;
				INFOPLIST_KEY_UILaunchStoryboardName = LaunchScreen;
				INFOPLIST_KEY_UIMainStoryboardFile = Main;
				INFOPLIST_KEY_UISupportedInterfaceOrientations_iPad = "UIInterfaceOrientationPortrait UIInterfaceOrientationPortraitUpsideDown UIInterfaceOrientationLandscapeLeft UIInterfaceOrientationLandscapeRight";
				INFOPLIST_KEY_UISupportedInterfaceOrientations_iPhone = "UIInterfaceOrientationPortrait UIInterfaceOrientationLandscapeLeft UIInterfaceOrientationLandscapeRight";
				LD_RUNPATH_SEARCH_PATHS = (
					"$(inherited)",
					"@executable_path/Frameworks",
				);
				MARKETING_VERSION = 1.0;
				PRODUCT_BUNDLE_IDENTIFIER = com.aio.TaskAutoLayout;
				PRODUCT_NAME = "$(TARGET_NAME)";
				SWIFT_EMIT_LOC_STRINGS = YES;
				SWIFT_VERSION = 5.0;
				TARGETED_DEVICE_FAMILY = "1,2";
			};
			name = Release;
		};
/* End XCBuildConfiguration section */

/* Begin XCConfigurationList section */
		47CA29A527F1E80000F11CB2 /* Build configuration list for PBXProject "TaskAutoLayout" */ = {
			isa = XCConfigurationList;
			buildConfigurations = (
				47CA29BC27F1E80200F11CB2 /* Debug */,
				47CA29BD27F1E80200F11CB2 /* Release */,
			);
			defaultConfigurationIsVisible = 0;
			defaultConfigurationName = Release;
		};
		47CA29BE27F1E80200F11CB2 /* Build configuration list for PBXNativeTarget "TaskAutoLayout" */ = {
			isa = XCConfigurationList;
			buildConfigurations = (
				47CA29BF27F1E80200F11CB2 /* Debug */,
				47CA29C027F1E80200F11CB2 /* Release */,
			);
			defaultConfigurationIsVisible = 0;
			defaultConfigurationName = Release;
		};
/* End XCConfigurationList section */
	};
	rootObject = 47CA29A227F1E80000F11CB2 /* Project object */;
}
